
Microsoft Visual Studio Solution File, Format Version 12.00
# Visual Studio Version 17
VisualStudioVersion = 17.14.36408.4
MinimumVisualStudioVersion = 10.0.40219.1
Project("{FAE04EC0-301F-11D3-BF4B-00C04F79EFBC}") = "ProductApi.Domain", "ProductApi.Domain\ProductApi.Domain.csproj", "{3F3C4BC2-E8EF-4461-9306-EC0D7626EBF3}"
EndProject
Project("{FAE04EC0-301F-11D3-BF4B-00C04F79EFBC}") = "ProductApi.Application", "ProductApi.Application\ProductApi.Application.csproj", "{DFDE3564-B050-4E17-A8B3-93CC5DEB9338}"
EndProject
Project("{FAE04EC0-301F-11D3-BF4B-00C04F79EFBC}") = "ProductApi.Infrastructure", "ProductApi.Infrastructure\ProductApi.Infrastructure.csproj", "{38763B12-C579-4019-89AB-E746C5ECA804}"
EndProject
Project("{FAE04EC0-301F-11D3-BF4B-00C04F79EFBC}") = "ProductApi.API", "ProductApi.API\ProductApi.API.csproj", "{D7720A9B-7ABF-4259-91BB-393DA110189D}"
EndProject
Global
	GlobalSection(SolutionConfigurationPlatforms) = preSolution
		Debug|Any CPU = Debug|Any CPU
		Release|Any CPU = Release|Any CPU
	EndGlobalSection
	GlobalSection(ProjectConfigurationPlatforms) = postSolution
		{3F3C4BC2-E8EF-4461-9306-EC0D7626EBF3}.Debug|Any CPU.ActiveCfg = Debug|Any CPU
		{3F3C4BC2-E8EF-4461-9306-EC0D7626EBF3}.Debug|Any CPU.Build.0 = Debug|Any CPU
		{3F3C4BC2-E8EF-4461-9306-EC0D7626EBF3}.Release|Any CPU.ActiveCfg = Release|Any CPU
		{3F3C4BC2-E8EF-4461-9306-EC0D7626EBF3}.Release|Any CPU.Build.0 = Release|Any CPU
		{DFDE3564-B050-4E17-A8B3-93CC5DEB9338}.Debug|Any CPU.ActiveCfg = Debug|Any CPU
		{DFDE3564-B050-4E17-A8B3-93CC5DEB9338}.Debug|Any CPU.Build.0 = Debug|Any CPU
		{DFDE3564-B050-4E17-A8B3-93CC5DEB9338}.Release|Any CPU.ActiveCfg = Release|Any CPU
		{DFDE3564-B050-4E17-A8B3-93CC5DEB9338}.Release|Any CPU.Build.0 = Release|Any CPU
		{38763B12-C579-4019-89AB-E746C5ECA804}.Debug|Any CPU.ActiveCfg = Debug|Any CPU
		{38763B12-C579-4019-89AB-E746C5ECA804}.Debug|Any CPU.Build.0 = Debug|Any CPU
		{38763B12-C579-4019-89AB-E746C5ECA804}.Release|Any CPU.ActiveCfg = Release|Any CPU
		{38763B12-C579-4019-89AB-E746C5ECA804}.Release|Any CPU.Build.0 = Release|Any CPU
		{D7720A9B-7ABF-4259-91BB-393DA110189D}.Debug|Any CPU.ActiveCfg = Debug|Any CPU
		{D7720A9B-7ABF-4259-91BB-393DA110189D}.Debug|Any CPU.Build.0 = Debug|Any CPU
		{D7720A9B-7ABF-4259-91BB-393DA110189D}.Release|Any CPU.ActiveCfg = Release|Any CPU
		{D7720A9B-7ABF-4259-91BB-393DA110189D}.Release|Any CPU.Build.0 = Release|Any CPU
	EndGlobalSection
	GlobalSection(SolutionProperties) = preSolution
		HideSolutionNode = FALSE
	EndGlobalSection
	GlobalSection(ExtensibilityGlobals) = postSolution
		SolutionGuid = {3E565B96-BD5A-46C8-8BAE-B4225E2F7088}
	EndGlobalSection
EndGlobal
